
Microsoft Visual Studio Solution File, Format Version 12.00
# Visual Studio Version 17
VisualStudioVersion = 17.3.32804.467
MinimumVisualStudioVersion = 10.0.40219.1
Project("{FAE04EC0-301F-11D3-BF4B-00C04F79EFBC}") = "Sustainability.Deloitte.com", "Sustainability.Deloitte.com\Sustainability.Deloitte.com.csproj", "{FE3A94F5-504E-41C1-B0FF-C24FC4585595}"
EndProject
Global
	GlobalSection(SolutionConfigurationPlatforms) = preSolution
		Debug|Any CPU = Debug|Any CPU
		Release|Any CPU = Release|Any CPU
	EndGlobalSection
	GlobalSection(ProjectConfigurationPlatforms) = postSolution
		{FE3A94F5-504E-41C1-B0FF-C24FC4585595}.Debug|Any CPU.ActiveCfg = Debug|Any CPU
		{FE3A94F5-504E-41C1-B0FF-C24FC4585595}.Debug|Any CPU.Build.0 = Debug|Any CPU
		{FE3A94F5-504E-41C1-B0FF-C24FC4585595}.Release|Any CPU.ActiveCfg = Release|Any CPU
		{FE3A94F5-504E-41C1-B0FF-C24FC4585595}.Release|Any CPU.Build.0 = Release|Any CPU
	EndGlobalSection
	GlobalSection(SolutionProperties) = preSolution
		HideSolutionNode = FALSE
	EndGlobalSection
	GlobalSection(ExtensibilityGlobals) = postSolution
		SolutionGuid = {5FA1E973-3D32-491F-B27B-EBF4F997E447}
	EndGlobalSection
EndGlobal
